{
  "pins" : [
    {
      "identity" : "about",
      "kind" : "remoteSourceControl",
      "location" : "https://github.com/micro-frontends-mobile/About",
      "state" : {
        "branch" : "main",
        "revision" : "93047def58cb0975775a98da8a7fbef1a7af35e7"
      }
    },
    {
      "identity" : "browse",
      "kind" : "remoteSourceControl",
      "location" : "https://github.com/micro-frontends-mobile/Browse",
      "state" : {
        "revision" : "c686b6519b715ef1b6370180e57eed1e11145951",
        "version" : "0.1.0"
      }
    },
    {
      "identity" : "env",
      "kind" : "remoteSourceControl",
      "location" : "https://github.com/micro-frontends-mobile/Env",
      "state" : {
        "revision" : "ddcad3169eecfefb361a0a90d57a86f973806f38",
        "version" : "0.2.0"
      }
    },
    {
      "identity" : "restaurantorder",
      "kind" : "remoteSourceControl",
      "location" : "https://github.com/micro-frontends-mobile/RestaurantOrder",
      "state" : {
        "revision" : "a4c349127efcc390b8dd25f7414838274e1b6ef1",
        "version" : "0.1.0"
      }
    }
  ],
  "version" : 2
}
