{
  "pins" : [
    {
      "identity" : "about",
      "kind" : "remoteSourceControl",
      "location" : "https://github.com/micro-frontends-mobile/About",
      "state" : {
        "revision" : "e96fdbada870a92fccf918b8b250f9c9d4751149",
        "version" : "0.3.1"
      }
    },
    {
      "identity" : "browse",
      "kind" : "remoteSourceControl",
      "location" : "https://github.com/micro-frontends-mobile/Browse",
      "state" : {
        "revision" : "a3590f11f00016e94de4fcb0aa193b14dacd9a57",
        "version" : "0.4.0"
      }
    },
    {
      "identity" : "env",
      "kind" : "remoteSourceControl",
      "location" : "https://github.com/micro-frontends-mobile/Env",
      "state" : {
        "revision" : "d55855a004c00dd5d2d3f88e78c77c21da08f6e7",
        "version" : "0.3.3"
      }
    },
    {
      "identity" : "restaurantorder",
      "kind" : "remoteSourceControl",
      "location" : "https://github.com/micro-frontends-mobile/RestaurantOrder",
      "state" : {
        "revision" : "e82e3faa1ccf669f115166aa73e1954dbd228581",
        "version" : "0.3.1"
      }
    }
  ],
  "version" : 2
}
